
Microsoft Visual Studio Solution File, Format Version 12.00
# Visual Studio Version 17
VisualStudioVersion = 17.6.33815.320
MinimumVisualStudioVersion = 10.0.40219.1
Project("{FAE04EC0-301F-11D3-BF4B-00C04F79EFBC}") = "GithubOAuthTest", "GithubOAuthTest\GithubOAuthTest.csproj", "{FF3F8FA3-5CE7-420C-9F4B-1B8CA43F21C4}"
EndProject
Global
	GlobalSection(SolutionConfigurationPlatforms) = preSolution
		Debug|Any CPU = Debug|Any CPU
		Release|Any CPU = Release|Any CPU
	EndGlobalSection
	GlobalSection(ProjectConfigurationPlatforms) = postSolution
		{FF3F8FA3-5CE7-420C-9F4B-1B8CA43F21C4}.Debug|Any CPU.ActiveCfg = Debug|Any CPU
		{FF3F8FA3-5CE7-420C-9F4B-1B8CA43F21C4}.Debug|Any CPU.Build.0 = Debug|Any CPU
		{FF3F8FA3-5CE7-420C-9F4B-1B8CA43F21C4}.Release|Any CPU.ActiveCfg = Release|Any CPU
		{FF3F8FA3-5CE7-420C-9F4B-1B8CA43F21C4}.Release|Any CPU.Build.0 = Release|Any CPU
	EndGlobalSection
	GlobalSection(SolutionProperties) = preSolution
		HideSolutionNode = FALSE
	EndGlobalSection
	GlobalSection(ExtensibilityGlobals) = postSolution
		SolutionGuid = {61FF57AC-95F7-48B5-B243-C52E40E1C137}
	EndGlobalSection
EndGlobal
